
Microsoft Visual Studio Solution File, Format Version 12.00
# Visual Studio Version 16
VisualStudioVersion = 16.0.29306.81
MinimumVisualStudioVersion = 10.0.40219.1
Project("{FAE04EC0-301F-11D3-BF4B-00C04F79EFBC}") = "DesafioPagueVeloz", "DesafioPagueVeloz.csproj", "{791F7164-219A-4BF6-BADF-1AF50FA1CF48}"
EndProject
Global
	GlobalSection(SolutionConfigurationPlatforms) = preSolution
		Debug|Any CPU = Debug|Any CPU
		Release|Any CPU = Release|Any CPU
	EndGlobalSection
	GlobalSection(ProjectConfigurationPlatforms) = postSolution
		{791F7164-219A-4BF6-BADF-1AF50FA1CF48}.Debug|Any CPU.ActiveCfg = Debug|Any CPU
		{791F7164-219A-4BF6-BADF-1AF50FA1CF48}.Debug|Any CPU.Build.0 = Debug|Any CPU
		{791F7164-219A-4BF6-BADF-1AF50FA1CF48}.Release|Any CPU.ActiveCfg = Release|Any CPU
		{791F7164-219A-4BF6-BADF-1AF50FA1CF48}.Release|Any CPU.Build.0 = Release|Any CPU
	EndGlobalSection
	GlobalSection(SolutionProperties) = preSolution
		HideSolutionNode = FALSE
	EndGlobalSection
	GlobalSection(ExtensibilityGlobals) = postSolution
		SolutionGuid = {2BDBB55E-F284-4C6D-8920-00BFC0CF8A39}
	EndGlobalSection
EndGlobal
